
Microsoft Visual Studio Solution File, Format Version 12.00
# Visual Studio Version 17
VisualStudioVersion = 17.4.33403.182
MinimumVisualStudioVersion = 10.0.40219.1
Project("{FAE04EC0-301F-11D3-BF4B-00C04F79EFBC}") = "FaceAngleLBF", "FaceAngleLBF.csproj", "{55DC8058-3BD3-4691-9ED6-197BB8863129}"
EndProject
Global
	GlobalSection(SolutionConfigurationPlatforms) = preSolution
		Debug|Any CPU = Debug|Any CPU
		Release|Any CPU = Release|Any CPU
	EndGlobalSection
	GlobalSection(ProjectConfigurationPlatforms) = postSolution
		{55DC8058-3BD3-4691-9ED6-197BB8863129}.Debug|Any CPU.ActiveCfg = Debug|Any CPU
		{55DC8058-3BD3-4691-9ED6-197BB8863129}.Debug|Any CPU.Build.0 = Debug|Any CPU
		{55DC8058-3BD3-4691-9ED6-197BB8863129}.Release|Any CPU.ActiveCfg = Release|Any CPU
		{55DC8058-3BD3-4691-9ED6-197BB8863129}.Release|Any CPU.Build.0 = Release|Any CPU
	EndGlobalSection
	GlobalSection(SolutionProperties) = preSolution
		HideSolutionNode = FALSE
	EndGlobalSection
	GlobalSection(ExtensibilityGlobals) = postSolution
		SolutionGuid = {FFF933D8-961D-4645-8221-18714D249D02}
	EndGlobalSection
EndGlobal
